
Microsoft Visual Studio Solution File, Format Version 12.00
# Visual Studio Version 17
VisualStudioVersion = 17.8.34330.188
MinimumVisualStudioVersion = 10.0.40219.1
Project("{9A19103F-16F7-4668-BE54-9A1E7A4F7556}") = "ProjectManagerUnitTests", "ProjectManagerUnitTests.csproj", "{805E7498-D639-4BBA-B894-FB9FCA52A201}"
EndProject
Global
	GlobalSection(SolutionConfigurationPlatforms) = preSolution
		Debug|Any CPU = Debug|Any CPU
		Release|Any CPU = Release|Any CPU
	EndGlobalSection
	GlobalSection(ProjectConfigurationPlatforms) = postSolution
		{805E7498-D639-4BBA-B894-FB9FCA52A201}.Debug|Any CPU.ActiveCfg = Debug|Any CPU
		{805E7498-D639-4BBA-B894-FB9FCA52A201}.Debug|Any CPU.Build.0 = Debug|Any CPU
		{805E7498-D639-4BBA-B894-FB9FCA52A201}.Release|Any CPU.ActiveCfg = Release|Any CPU
		{805E7498-D639-4BBA-B894-FB9FCA52A201}.Release|Any CPU.Build.0 = Release|Any CPU
	EndGlobalSection
	GlobalSection(SolutionProperties) = preSolution
		HideSolutionNode = FALSE
	EndGlobalSection
	GlobalSection(ExtensibilityGlobals) = postSolution
		SolutionGuid = {00938D5F-05B9-4581-A86D-1526936AB989}
	EndGlobalSection
EndGlobal
